Microsoft Visual Studio Solution File, Format Version 11.00
# Visual Studio 2008

Project("{6661A6AF-E329-AF59-1D0A-92A243ABF116}") = "elifoot3000", "Assembly-CSharp.csproj", "{29793EA5-8627-7BE1-5974-386079A9BA0C}"
EndProject
Global
	GlobalSection(SolutionConfigurationPlatforms) = preSolution
		Debug|Any CPU = Debug|Any CPU
		Release|Any CPU = Release|Any CPU
	EndGlobalSection
	GlobalSection(ProjectConfigurationPlatforms) = postSolution
		{29793EA5-8627-7BE1-5974-386079A9BA0C}.Debug|Any CPU.ActiveCfg = Debug|Any CPU
		{29793EA5-8627-7BE1-5974-386079A9BA0C}.Debug|Any CPU.Build.0 = Debug|Any CPU
		{29793EA5-8627-7BE1-5974-386079A9BA0C}.Release|Any CPU.ActiveCfg = Release|Any CPU
		{29793EA5-8627-7BE1-5974-386079A9BA0C}.Release|Any CPU.Build.0 = Release|Any CPU
	EndGlobalSection
	GlobalSection(SolutionProperties) = preSolution
		HideSolutionNode = FALSE
	EndGlobalSection
	GlobalSection(MonoDevelopProperties) = preSolution
		StartupItem = Assembly-CSharp.csproj
	EndGlobalSection
EndGlobal
